// !$*UTF8*$!
{
	archiveVersion = 1;
	classes = {
	};
	objectVersion = 46;
	objects = {

/* Begin PBXBuildFile section */
		4E5E7F7B1E039464007B6EB8 /* main.m in Sources */ = {isa = PBXBuildFile; fileRef = 4E5E7F7A1E039464007B6EB8 /* main.m */; };
		4E5E7F7E1E039464007B6EB8 /* AppDelegate.m in Sources */ = {isa = PBXBuildFile; fileRef = 4E5E7F7D1E039464007B6EB8 /* AppDelegate.m */; };
		4E5E7F811E039464007B6EB8 /* ViewController.m in Sources */ = {isa = PBXBuildFile; fileRef = 4E5E7F801E039464007B6EB8 /* ViewController.m */; };
		4E5E7F841E039464007B6EB8 /* Main.storyboard in Resources */ = {isa = PBXBuildFile; fileRef = 4E5E7F821E039464007B6EB8 /* Main.storyboard */; };
		4E5E7F861E039464007B6EB8 /* Assets.xcassets in Resources */ = {isa = PBXBuildFile; fileRef = 4E5E7F851E039464007B6EB8 /* Assets.xcassets */; };
		4E5E7F891E039464007B6EB8 /* LaunchScreen.storyboard in Resources */ = {isa = PBXBuildFile; fileRef = 4E5E7F871E039464007B6EB8 /* LaunchScreen.storyboard */; };
		4E5E7F941E039464007B6EB8 /* QuickExpandMenuTests.m in Sources */ = {isa = PBXBuildFile; fileRef = 4E5E7F931E039464007B6EB8 /* QuickExpandMenuTests.m */; };
		4E5E7F9F1E039464007B6EB8 /* QuickExpandMenuUITests.m in Sources */ = {isa = PBXBuildFile; fileRef = 4E5E7F9E1E039464007B6EB8 /* QuickExpandMenuUITests.m */; };
/* End PBXBuildFile section */

/* Begin PBXContainerItemProxy section */
		4E5E7F901E039464007B6EB8 /* PBXContainerItemProxy */ = {
			isa = PBXContainerItemProxy;
			containerPortal = 4E5E7F6E1E039464007B6EB8 /* Project object */;
			proxyType = 1;
			remoteGlobalIDString = 4E5E7F751E039464007B6EB8;
			remoteInfo = QuickExpandMenu;
		};
		4E5E7F9B1E039464007B6EB8 /* PBXContainerItemProxy */ = {
			isa = PBXContainerItemProxy;
			containerPortal = 4E5E7F6E1E039464007B6EB8 /* Project object */;
			proxyType = 1;
			remoteGlobalIDString = 4E5E7F751E039464007B6EB8;
			remoteInfo = QuickExpandMenu;
		};
/* End PBXContainerItemProxy section */

/* Begin PBXFileReference section */
		4E5E7F761E039464007B6EB8 /* QuickExpandMenu.app */ = {isa = PBXFileReference; explicitFileType = wrapper.application; includeInIndex = 0; path = QuickExpandMenu.app; sourceTree = BUILT_PRODUCTS_DIR; };
		4E5E7F7A1E039464007B6EB8 /* main.m */ = {isa = PBXFileReference; lastKnownFileType = sourcecode.c.objc; path = main.m; sourceTree = "<group>"; };
		4E5E7F7C1E039464007B6EB8 /* AppDelegate.h */ = {isa = PBXFileReference; lastKnownFileType = sourcecode.c.h; path = AppDelegate.h; sourceTree = "<group>"; };
		4E5E7F7D1E039464007B6EB8 /* AppDelegate.m */ = {isa = PBXFileReference; lastKnownFileType = sourcecode.c.objc; path = AppDelegate.m; sourceTree = "<group>"; };
		4E5E7F7F1E039464007B6EB8 /* ViewController.h */ = {isa = PBXFileReference; lastKnownFileType = sourcecode.c.h; path = ViewController.h; sourceTree = "<group>"; };
		4E5E7F801E039464007B6EB8 /* ViewController.m */ = {isa = PBXFileReference; lastKnownFileType = sourcecode.c.objc; path = ViewController.m; sourceTree = "<group>"; };
		4E5E7F831E039464007B6EB8 /* Base */ = {isa = PBXFileReference; lastKnownFileType = file.storyboard; name = Base; path = Base.lproj/Main.storyboard; sourceTree = "<group>"; };
		4E5E7F851E039464007B6EB8 /* Assets.xcassets */ = {isa = PBXFileReference; lastKnownFileType = folder.assetcatalog; path = Assets.xcassets; sourceTree = "<group>"; };
		4E5E7F881E039464007B6EB8 /* Base */ = {isa = PBXFileReference; lastKnownFileType = file.storyboard; name = Base; path = Base.lproj/LaunchScreen.storyboard; sourceTree = "<group>"; };
		4E5E7F8A1E039464007B6EB8 /* Info.plist */ = {isa = PBXFileReference; lastKnownFileType = text.plist.xml; path = Info.plist; sourceTree = "<group>"; };
		4E5E7F8F1E039464007B6EB8 /* QuickExpandMenuTests.xctest */ = {isa = PBXFileReference; explicitFileType = wrapper.cfbundle; includeInIndex = 0; path = QuickExpandMenuTests.xctest; sourceTree = BUILT_PRODUCTS_DIR; };
		4E5E7F931E039464007B6EB8 /* QuickExpandMenuTests.m */ = {isa = PBXFileReference; lastKnownFileType = sourcecode.c.objc; path = QuickExpandMenuTests.m; sourceTree = "<group>"; };
		4E5E7F951E039464007B6EB8 /* Info.plist */ = {isa = PBXFileReference; lastKnownFileType = text.plist.xml; path = Info.plist; sourceTree = "<group>"; };
		4E5E7F9A1E039464007B6EB8 /* QuickExpandMenuUITests.xctest */ = {isa = PBXFileReference; explicitFileType = wrapper.cfbundle; includeInIndex = 0; path = QuickExpandMenuUITests.xctest; sourceTree = BUILT_PRODUCTS_DIR; };
		4E5E7F9E1E039464007B6EB8 /* QuickExpandMenuUITests.m */ = {isa = PBXFileReference; lastKnownFileType = sourcecode.c.objc; path = QuickExpandMenuUITests.m; sourceTree = "<group>"; };
		4E5E7FA01E039464007B6EB8 /* Info.plist */ = {isa = PBXFileReference; lastKnownFileType = text.plist.xml; path = Info.plist; sourceTree = "<group>"; };
/* End PBXFileReference section */

/* Begin PBXFrameworksBuildPhase section */
		4E5E7F731E039464007B6EB8 /* Frameworks */ = {
			isa = PBXFrameworksBuildPhase;
			buildActionMask = 2147483647;
			files = (
			);
			runOnlyForDeploymentPostprocessing = 0;
		};
		4E5E7F8C1E039464007B6EB8 /* Frameworks */ = {
			isa = PBXFrameworksBuildPhase;
			buildActionMask = 2147483647;
			files = (
			);
			runOnlyForDeploymentPostprocessing = 0;
		};
		4E5E7F971E039464007B6EB8 /* Frameworks */ = {
			isa = PBXFrameworksBuildPhase;
			buildActionMask = 2147483647;
			files = (
			);
			runOnlyForDeploymentPostprocessing = 0;
		};
/* End PBXFrameworksBuildPhase section */

/* Begin PBXGroup section */
		4E5E7F6D1E039464007B6EB8 = {
			isa = PBXGroup;
			children = (
				4E5E7F781E039464007B6EB8 /* QuickExpandMenu */,
				4E5E7F921E039464007B6EB8 /* QuickExpandMenuTests */,
				4E5E7F9D1E039464007B6EB8 /* QuickExpandMenuUITests */,
				4E5E7F771E039464007B6EB8 /* Products */,
			);
			sourceTree = "<group>";
		};
		4E5E7F771E039464007B6EB8 /* Products */ = {
			isa = PBXGroup;
			children = (
				4E5E7F761E039464007B6EB8 /* QuickExpandMenu.app */,
				4E5E7F8F1E039464007B6EB8 /* QuickExpandMenuTests.xctest */,
				4E5E7F9A1E039464007B6EB8 /* QuickExpandMenuUITests.xctest */,
			);
			name = Products;
			sourceTree = "<group>";
		};
		4E5E7F781E039464007B6EB8 /* QuickExpandMenu */ = {
			isa = PBXGroup;
			children = (
				4E5E7F7C1E039464007B6EB8 /* AppDelegate.h */,
				4E5E7F7D1E039464007B6EB8 /* AppDelegate.m */,
				4E5E7F7F1E039464007B6EB8 /* ViewController.h */,
				4E5E7F801E039464007B6EB8 /* ViewController.m */,
				4E5E7F821E039464007B6EB8 /* Main.storyboard */,
				4E5E7F851E039464007B6EB8 /* Assets.xcassets */,
				4E5E7F871E039464007B6EB8 /* LaunchScreen.storyboard */,
				4E5E7F8A1E039464007B6EB8 /* Info.plist */,
				4E5E7F791E039464007B6EB8 /* Supporting Files */,
			);
			path = QuickExpandMenu;
			sourceTree = "<group>";
		};
		4E5E7F791E039464007B6EB8 /* Supporting Files */ = {
			isa = PBXGroup;
			children = (
				4E5E7F7A1E039464007B6EB8 /* main.m */,
			);
			name = "Supporting Files";
			sourceTree = "<group>";
		};
		4E5E7F921E039464007B6EB8 /* QuickExpandMenuTests */ = {
			isa = PBXGroup;
			children = (
				4E5E7F931E039464007B6EB8 /* QuickExpandMenuTests.m */,
				4E5E7F951E039464007B6EB8 /* Info.plist */,
			);
			path = QuickExpandMenuTests;
			sourceTree = "<group>";
		};
		4E5E7F9D1E039464007B6EB8 /* QuickExpandMenuUITests */ = {
			isa = PBXGroup;
			children = (
				4E5E7F9E1E039464007B6EB8 /* QuickExpandMenuUITests.m */,
				4E5E7FA01E039464007B6EB8 /* Info.plist */,
			);
			path = QuickExpandMenuUITests;
			sourceTree = "<group>";
		};
/* End PBXGroup section */

/* Begin PBXNativeTarget section */
		4E5E7F751E039464007B6EB8 /* QuickExpandMenu */ = {
			isa = PBXNativeTarget;
			buildConfigurationList = 4E5E7FA31E039464007B6EB8 /* Build configuration list for PBXNativeTarget "QuickExpandMenu" */;
			buildPhases = (
				4E5E7F721E039464007B6EB8 /* Sources */,
				4E5E7F731E039464007B6EB8 /* Frameworks */,
				4E5E7F741E039464007B6EB8 /* Resources */,
			);
			buildRules = (
			);
			dependencies = (
			);
			name = QuickExpandMenu;
			productName = QuickExpandMenu;
			productReference = 4E5E7F761E039464007B6EB8 /* QuickExpandMenu.app */;
			productType = "com.apple.product-type.application";
		};
		4E5E7F8E1E039464007B6EB8 /* QuickExpandMenuTests */ = {
			isa = PBXNativeTarget;
			buildConfigurationList = 4E5E7FA61E039464007B6EB8 /* Build configuration list for PBXNativeTarget "QuickExpandMenuTests" */;
			buildPhases = (
				4E5E7F8B1E039464007B6EB8 /* Sources */,
				4E5E7F8C1E039464007B6EB8 /* Frameworks */,
				4E5E7F8D1E039464007B6EB8 /* Resources */,
			);
			buildRules = (
			);
			dependencies = (
				4E5E7F911E039464007B6EB8 /* PBXTargetDependency */,
			);
			name = QuickExpandMenuTests;
			productName = QuickExpandMenuTests;
			productReference = 4E5E7F8F1E039464007B6EB8 /* QuickExpandMenuTests.xctest */;
			productType = "com.apple.product-type.bundle.unit-test";
		};
		4E5E7F991E039464007B6EB8 /* QuickExpandMenuUITests */ = {
			isa = PBXNativeTarget;
			buildConfigurationList = 4E5E7FA91E039464007B6EB8 /* Build configuration list for PBXNativeTarget "QuickExpandMenuUITests" */;
			buildPhases = (
				4E5E7F961E039464007B6EB8 /* Sources */,
				4E5E7F971E039464007B6EB8 /* Frameworks */,
				4E5E7F981E039464007B6EB8 /* Resources */,
			);
			buildRules = (
			);
			dependencies = (
				4E5E7F9C1E039464007B6EB8 /* PBXTargetDependency */,
			);
			name = QuickExpandMenuUITests;
			productName = QuickExpandMenuUITests;
			productReference = 4E5E7F9A1E039464007B6EB8 /* QuickExpandMenuUITests.xctest */;
			productType = "com.apple.product-type.bundle.ui-testing";
		};
/* End PBXNativeTarget section */

/* Begin PBXProject section */
		4E5E7F6E1E039464007B6EB8 /* Project object */ = {
			isa = PBXProject;
			attributes = {
				LastUpgradeCheck = 0810;
				ORGANIZATIONNAME = pk;
				TargetAttributes = {
					4E5E7F751E039464007B6EB8 = {
						CreatedOnToolsVersion = 8.1;
						ProvisioningStyle = Automatic;
					};
					4E5E7F8E1E039464007B6EB8 = {
						CreatedOnToolsVersion = 8.1;
						ProvisioningStyle = Automatic;
						TestTargetID = 4E5E7F751E039464007B6EB8;
					};
					4E5E7F991E039464007B6EB8 = {
						CreatedOnToolsVersion = 8.1;
						ProvisioningStyle = Automatic;
						TestTargetID = 4E5E7F751E039464007B6EB8;
					};
				};
			};
			buildConfigurationList = 4E5E7F711E039464007B6EB8 /* Build configuration list for PBXProject "QuickExpandMenu" */;
			compatibilityVersion = "Xcode 3.2";
			developmentRegion = English;
			hasScannedForEncodings = 0;
			knownRegions = (
				en,
				Base,
			);
			mainGroup = 4E5E7F6D1E039464007B6EB8;
			productRefGroup = 4E5E7F771E039464007B6EB8 /* Products */;
			projectDirPath = "";
			projectRoot = "";
			targets = (
				4E5E7F751E039464007B6EB8 /* QuickExpandMenu */,
				4E5E7F8E1E039464007B6EB8 /* QuickExpandMenuTests */,
				4E5E7F991E039464007B6EB8 /* QuickExpandMenuUITests */,
			);
		};
/* End PBXProject section */

/* Begin PBXResourcesBuildPhase section */
		4E5E7F741E039464007B6EB8 /* Resources */ = {
			isa = PBXResourcesBuildPhase;
			buildActionMask = 2147483647;
			files = (
				4E5E7F891E039464007B6EB8 /* LaunchScreen.storyboard in Resources */,
				4E5E7F861E039464007B6EB8 /* Assets.xcassets in Resources */,
				4E5E7F841E039464007B6EB8 /* Main.storyboard in Resources */,
			);
			runOnlyForDeploymentPostprocessing = 0;
		};
		4E5E7F8D1E039464007B6EB8 /* Resources */ = {
			isa = PBXResourcesBuildPhase;
			buildActionMask = 2147483647;
			files = (
			);
			runOnlyForDeploymentPostprocessing = 0;
		};
		4E5E7F981E039464007B6EB8 /* Resources */ = {
			isa = PBXResourcesBuildPhase;
			buildActionMask = 2147483647;
			files = (
			);
			runOnlyForDeploymentPostprocessing = 0;
		};
/* End PBXResourcesBuildPhase section */

/* Begin PBXSourcesBuildPhase section */
		4E5E7F721E039464007B6EB8 /* Sources */ = {
			isa = PBXSourcesBuildPhase;
			buildActionMask = 2147483647;
			files = (
				4E5E7F811E039464007B6EB8 /* ViewController.m in Sources */,
				4E5E7F7E1E039464007B6EB8 /* AppDelegate.m in Sources */,
				4E5E7F7B1E039464007B6EB8 /* main.m in Sources */,
			);
			runOnlyForDeploymentPostprocessing = 0;
		};
		4E5E7F8B1E039464007B6EB8 /* Sources */ = {
			isa = PBXSourcesBuildPhase;
			buildActionMask = 2147483647;
			files = (
				4E5E7F941E039464007B6EB8 /* QuickExpandMenuTests.m in Sources */,
			);
			runOnlyForDeploymentPostprocessing = 0;
		};
		4E5E7F961E039464007B6EB8 /* Sources */ = {
			isa = PBXSourcesBuildPhase;
			buildActionMask = 2147483647;
			files = (
				4E5E7F9F1E039464007B6EB8 /* QuickExpandMenuUITests.m in Sources */,
			);
			runOnlyForDeploymentPostprocessing = 0;
		};
/* End PBXSourcesBuildPhase section */

/* Begin PBXTargetDependency section */
		4E5E7F911E039464007B6EB8 /* PBXTargetDependency */ = {
			isa = PBXTargetDependency;
			target = 4E5E7F751E039464007B6EB8 /* QuickExpandMenu */;
			targetProxy = 4E5E7F901E039464007B6EB8 /* PBXContainerItemProxy */;
		};
		4E5E7F9C1E039464007B6EB8 /* PBXTargetDependency */ = {
			isa = PBXTargetDependency;
			target = 4E5E7F751E039464007B6EB8 /* QuickExpandMenu */;
			targetProxy = 4E5E7F9B1E039464007B6EB8 /* PBXContainerItemProxy */;
		};
/* End PBXTargetDependency section */

/* Begin PBXVariantGroup section */
		4E5E7F821E039464007B6EB8 /* Main.storyboard */ = {
			isa = PBXVariantGroup;
			children = (
				4E5E7F831E039464007B6EB8 /* Base */,
			);
			name = Main.storyboard;
			sourceTree = "<group>";
		};
		4E5E7F871E039464007B6EB8 /* LaunchScreen.storyboard */ = {
			isa = PBXVariantGroup;
			children = (
				4E5E7F881E039464007B6EB8 /* Base */,
			);
			name = LaunchScreen.storyboard;
			sourceTree = "<group>";
		};
/* End PBXVariantGroup section */

/* Begin XCBuildConfiguration section */
		4E5E7FA11E039464007B6EB8 /* Debug */ = {
			isa = XCBuildConfiguration;
			buildSettings = {
				ALWAYS_SEARCH_USER_PATHS = NO;
				CLANG_ANALYZER_NONNULL = YES;
				CLANG_CXX_LANGUAGE_STANDARD = "gnu++0x";
				CLANG_CXX_LIBRARY = "libc++";
				CLANG_ENABLE_MODULES = YES;
				CLANG_ENABLE_OBJC_ARC = YES;
				CLANG_WARN_BOOL_CONVERSION = YES;
				CLANG_WARN_CONSTANT_CONVERSION = YES;
				CLANG_WARN_DIRECT_OBJC_ISA_USAGE = YES_ERROR;
				CLANG_WARN_DOCUMENTATION_COMMENTS = YES;
				CLANG_WARN_EMPTY_BODY = YES;
				CLANG_WARN_ENUM_CONVERSION = YES;
				CLANG_WARN_INFINITE_RECURSION = YES;
				CLANG_WARN_INT_CONVERSION = YES;
				CLANG_WARN_OBJC_ROOT_CLASS = YES_ERROR;
				CLANG_WARN_SUSPICIOUS_MOVES = YES;
				CLANG_WARN_UNREACHABLE_CODE = YES;
				CLANG_WARN__DUPLICATE_METHOD_MATCH = YES;
				"CODE_SIGN_IDENTITY[sdk=iphoneos*]" = "iPhone Developer";
				COPY_PHASE_STRIP = NO;
				DEBUG_INFORMATION_FORMAT = dwarf;
				ENABLE_STRICT_OBJC_MSGSEND = YES;
				ENABLE_TESTABILITY = YES;
				GCC_C_LANGUAGE_STANDARD = gnu99;
				GCC_DYNAMIC_NO_PIC = NO;
				GCC_NO_COMMON_BLOCKS = YES;
				GCC_OPTIMIZATION_LEVEL = 0;
				GCC_PREPROCESSOR_DEFINITIONS = (
					"DEBUG=1",
					"$(inherited)",
				);
				GCC_WARN_64_TO_32_BIT_CONVERSION = YES;
				GCC_WARN_ABOUT_RETURN_TYPE = YES_ERROR;
				GCC_WARN_UNDECLARED_SELECTOR = YES;
				GCC_WARN_UNINITIALIZED_AUTOS = YES_AGGRESSIVE;
				GCC_WARN_UNUSED_FUNCTION = YES;
				GCC_WARN_UNUSED_VARIABLE = YES;
				IPHONEOS_DEPLOYMENT_TARGET = 10.1;
				MTL_ENABLE_DEBUG_INFO = YES;
				ONLY_ACTIVE_ARCH = YES;
				SDKROOT = iphoneos;
			};
			name = Debug;
		};
		4E5E7FA21E039464007B6EB8 /* Release */ = {
			isa = XCBuildConfiguration;
			buildSettings = {
				ALWAYS_SEARCH_USER_PATHS = NO;
				CLANG_ANALYZER_NONNULL = YES;
				CLANG_CXX_LANGUAGE_STANDARD = "gnu++0x";
				CLANG_CXX_LIBRARY = "libc++";
				CLANG_ENABLE_MODULES = YES;
				CLANG_ENABLE_OBJC_ARC = YES;
				CLANG_WARN_BOOL_CONVERSION = YES;
				CLANG_WARN_CONSTANT_CONVERSION = YES;
				CLANG_WARN_DIRECT_OBJC_ISA_USAGE = YES_ERROR;
				CLANG_WARN_DOCUMENTATION_COMMENTS = YES;
				CLANG_WARN_EMPTY_BODY = YES;
				CLANG_WARN_ENUM_CONVERSION = YES;
				CLANG_WARN_INFINITE_RECURSION = YES;
				CLANG_WARN_INT_CONVERSION = YES;
				CLANG_WARN_OBJC_ROOT_CLASS = YES_ERROR;
				CLANG_WARN_SUSPICIOUS_MOVES = YES;
				CLANG_WARN_UNREACHABLE_CODE = YES;
				CLANG_WARN__DUPLICATE_METHOD_MATCH = YES;
				"CODE_SIGN_IDENTITY[sdk=iphoneos*]" = "iPhone Developer";
				COPY_PHASE_STRIP = NO;
				DEBUG_INFORMATION_FORMAT = "dwarf-with-dsym";
				ENABLE_NS_ASSERTIONS = NO;
				ENABLE_STRICT_OBJC_MSGSEND = YES;
				GCC_C_LANGUAGE_STANDARD = gnu99;
				GCC_NO_COMMON_BLOCKS = YES;
				GCC_WARN_64_TO_32_BIT_CONVERSION = YES;
				GCC_WARN_ABOUT_RETURN_TYPE = YES_ERROR;
				GCC_WARN_UNDECLARED_SELECTOR = YES;
				GCC_WARN_UNINITIALIZED_AUTOS = YES_AGGRESSIVE;
				GCC_WARN_UNUSED_FUNCTION = YES;
				GCC_WARN_UNUSED_VARIABLE = YES;
				IPHONEOS_DEPLOYMENT_TARGET = 10.1;
				MTL_ENABLE_DEBUG_INFO = NO;
				SDKROOT = iphoneos;
				VALIDATE_PRODUCT = YES;
			};
			name = Release;
		};
		4E5E7FA41E039464007B6EB8 /* Debug */ = {
			isa = XCBuildConfiguration;
			buildSettings = {
				ASSETCATALOG_COMPILER_APPICON_NAME = AppIcon;
				INFOPLIST_FILE = QuickExpandMenu/Info.plist;
				LD_RUNPATH_SEARCH_PATHS = "$(inherited) @executable_path/Frameworks";
				PRODUCT_BUNDLE_IDENTIFIER = JH.QuickExpandMenu;
				PRODUCT_NAME = "$(TARGET_NAME)";
			};
			name = Debug;
		};
		4E5E7FA51E039464007B6EB8 /* Release */ = {
			isa = XCBuildConfiguration;
			buildSettings = {
				ASSETCATALOG_COMPILER_APPICON_NAME = AppIcon;
				INFOPLIST_FILE = QuickExpandMenu/Info.plist;
				LD_RUNPATH_SEARCH_PATHS = "$(inherited) @executable_path/Frameworks";
				PRODUCT_BUNDLE_IDENTIFIER = JH.QuickExpandMenu;
				PRODUCT_NAME = "$(TARGET_NAME)";
			};
			name = Release;
		};
		4E5E7FA71E039464007B6EB8 /* Debug */ = {
			isa = XCBuildConfiguration;
			buildSettings = {
				BUNDLE_LOADER = "$(TEST_HOST)";
				INFOPLIST_FILE = QuickExpandMenuTests/Info.plist;
				LD_RUNPATH_SEARCH_PATHS = "$(inherited) @executable_path/Frameworks @loader_path/Frameworks";
				PRODUCT_BUNDLE_IDENTIFIER = JH.QuickExpandMenuTests;
				PRODUCT_NAME = "$(TARGET_NAME)";
				TEST_HOST = "$(BUILT_PRODUCTS_DIR)/QuickExpandMenu.app/QuickExpandMenu";
			};
			name = Debug;
		};
		4E5E7FA81E039464007B6EB8 /* Release */ = {
			isa = XCBuildConfiguration;
			buildSettings = {
				BUNDLE_LOADER = "$(TEST_HOST)";
				INFOPLIST_FILE = QuickExpandMenuTests/Info.plist;
				LD_RUNPATH_SEARCH_PATHS = "$(inherited) @executable_path/Frameworks @loader_path/Frameworks";
				PRODUCT_BUNDLE_IDENTIFIER = JH.QuickExpandMenuTests;
				PRODUCT_NAME = "$(TARGET_NAME)";
				TEST_HOST = "$(BUILT_PRODUCTS_DIR)/QuickExpandMenu.app/QuickExpandMenu";
			};
			name = Release;
		};
		4E5E7FAA1E039464007B6EB8 /* Debug */ = {
			isa = XCBuildConfiguration;
			buildSettings = {
				INFOPLIST_FILE = QuickExpandMenuUITests/Info.plist;
				LD_RUNPATH_SEARCH_PATHS = "$(inherited) @executable_path/Frameworks @loader_path/Frameworks";
				PRODUCT_BUNDLE_IDENTIFIER = JH.QuickExpandMenuUITests;
				PRODUCT_NAME = "$(TARGET_NAME)";
				TEST_TARGET_NAME = QuickExpandMenu;
			};
			name = Debug;
		};
		4E5E7FAB1E039464007B6EB8 /* Release */ = {
			isa = XCBuildConfiguration;
			buildSettings = {
				INFOPLIST_FILE = QuickExpandMenuUITests/Info.plist;
				LD_RUNPATH_SEARCH_PATHS = "$(inherited) @executable_path/Frameworks @loader_path/Frameworks";
				PRODUCT_BUNDLE_IDENTIFIER = JH.QuickExpandMenuUITests;
				PRODUCT_NAME = "$(TARGET_NAME)";
				TEST_TARGET_NAME = QuickExpandMenu;
			};
			name = Release;
		};
/* End XCBuildConfiguration section */

/* Begin XCConfigurationList section */
		4E5E7F711E039464007B6EB8 /* Build configuration list for PBXProject "QuickExpandMenu" */ = {
			isa = XCConfigurationList;
			buildConfigurations = (
				4E5E7FA11E039464007B6EB8 /* Debug */,
				4E5E7FA21E039464007B6EB8 /* Release */,
			);
			defaultConfigurationIsVisible = 0;
			defaultConfigurationName = Release;
		};
		4E5E7FA31E039464007B6EB8 /* Build configuration list for PBXNativeTarget "QuickExpandMenu" */ = {
			isa = XCConfigurationList;
			buildConfigurations = (
				4E5E7FA41E039464007B6EB8 /* Debug */,
				4E5E7FA51E039464007B6EB8 /* Release */,
			);
			defaultConfigurationIsVisible = 0;
		};
		4E5E7FA61E039464007B6EB8 /* Build configuration list for PBXNativeTarget "QuickExpandMenuTests" */ = {
			isa = XCConfigurationList;
			buildConfigurations = (
				4E5E7FA71E039464007B6EB8 /* Debug */,
				4E5E7FA81E039464007B6EB8 /* Release */,
			);
			defaultConfigurationIsVisible = 0;
		};
		4E5E7FA91E039464007B6EB8 /* Build configuration list for PBXNativeTarget "QuickExpandMenuUITests" */ = {
			isa = XCConfigurationList;
			buildConfigurations = (
				4E5E7FAA1E039464007B6EB8 /* Debug */,
				4E5E7FAB1E039464007B6EB8 /* Release */,
			);
			defaultConfigurationIsVisible = 0;
		};
/* End XCConfigurationList section */
	};
	rootObject = 4E5E7F6E1E039464007B6EB8 /* Project object */;
}
